// !$*UTF8*$!
{
	archiveVersion = 1;
	classes = {
	};
	objectVersion = 77;
	objects = {

/* Begin PBXBuildFile section */
		FA1EC3E62DFA1B7A00372F2F /* ProfileViewController.swift in Sources */ = {isa = PBXBuildFile; fileRef = FA1EC3E52DFA1B7A00372F2F /* ProfileViewController.swift */; };
		FA31C5872DF95AF6003E71F7 /* BaseCoordinator.swift in Sources */ = {isa = PBXBuildFile; fileRef = FA31C5862DF95AF6003E71F7 /* BaseCoordinator.swift */; };
		FA31C5892DF95B12003E71F7 /* MainCoordinator.swift in Sources */ = {isa = PBXBuildFile; fileRef = FA31C5882DF95B12003E71F7 /* MainCoordinator.swift */; };
		FA7B7C982E1A6944003E6BA0 /* FeedCoordinator.swift in Sources */ = {isa = PBXBuildFile; fileRef = FA7B7C972E1A6944003E6BA0 /* FeedCoordinator.swift */; };
		FA7B7C9A2E1A69A0003E6BA0 /* FeedViewModel.swift in Sources */ = {isa = PBXBuildFile; fileRef = FA7B7C992E1A69A0003E6BA0 /* FeedViewModel.swift */; };
		FA7B7C9E2E1C370C003E6BA0 /* LoginBaseCoordinator.swift in Sources */ = {isa = PBXBuildFile; fileRef = FA7B7C9D2E1C370C003E6BA0 /* LoginBaseCoordinator.swift */; };
		FA7B7CA82E1C3AA7003E6BA0 /* LoginVM.swift in Sources */ = {isa = PBXBuildFile; fileRef = FA7B7CA72E1C3AA7003E6BA0 /* LoginVM.swift */; };
		FA7B7CAA2E21541D003E6BA0 /* OrderCoordinator.swift in Sources */ = {isa = PBXBuildFile; fileRef = FA7B7CA92E21541D003E6BA0 /* OrderCoordinator.swift */; };
		FA7B7CAC2E215508003E6BA0 /* OrderVM.swift in Sources */ = {isa = PBXBuildFile; fileRef = FA7B7CAB2E215507003E6BA0 /* OrderVM.swift */; };
		FA81436B2DF62A9C008C2B8A /* .gitignore in Resources */ = {isa = PBXBuildFile; fileRef = FA81435F2DF62A9C008C2B8A /* .gitignore */; };
		FA81436C2DF62A9C008C2B8A /* Assets.xcassets in Resources */ = {isa = PBXBuildFile; fileRef = FA8143612DF62A9C008C2B8A /* Assets.xcassets */; };
		FA81436E2DF62A9C008C2B8A /* LaunchScreen.storyboard in Resources */ = {isa = PBXBuildFile; fileRef = FA8143672DF62A9C008C2B8A /* LaunchScreen.storyboard */; };
		FA81436F2DF62A9C008C2B8A /* AppFactory.swift in Sources */ = {isa = PBXBuildFile; fileRef = FA8143512DF62A9C008C2B8A /* AppFactory.swift */; };
		FA8143702DF62A9C008C2B8A /* Checker.swift in Sources */ = {isa = PBXBuildFile; fileRef = FA8143522DF62A9C008C2B8A /* Checker.swift */; };
		FA8143712DF62A9C008C2B8A /* Fhotos.swift in Sources */ = {isa = PBXBuildFile; fileRef = FA8143532DF62A9C008C2B8A /* Fhotos.swift */; };
		FA8143722DF62A9C008C2B8A /* LogInViewController.swift in Sources */ = {isa = PBXBuildFile; fileRef = FA8143542DF62A9C008C2B8A /* LogInViewController.swift */; };
		FA8143732DF62A9C008C2B8A /* LoginViewControllerDelegate.swift in Sources */ = {isa = PBXBuildFile; fileRef = FA8143552DF62A9C008C2B8A /* LoginViewControllerDelegate.swift */; };
		FA8143742DF62A9C008C2B8A /* PhotosCollectionViewCell.swift in Sources */ = {isa = PBXBuildFile; fileRef = FA8143562DF62A9C008C2B8A /* PhotosCollectionViewCell.swift */; };
		FA8143752DF62A9C008C2B8A /* PhotosTableViewCell.swift in Sources */ = {isa = PBXBuildFile; fileRef = FA8143572DF62A9C008C2B8A /* PhotosTableViewCell.swift */; };
		FA8143762DF62A9C008C2B8A /* PhotosViewController.swift in Sources */ = {isa = PBXBuildFile; fileRef = FA8143582DF62A9C008C2B8A /* PhotosViewController.swift */; };
		FA8143772DF62A9C008C2B8A /* PostTableViewCell.swift in Sources */ = {isa = PBXBuildFile; fileRef = FA8143592DF62A9C008C2B8A /* PostTableViewCell.swift */; };
		FA8143782DF62A9C008C2B8A /* ProfileHeaderView.swift in Sources */ = {isa = PBXBuildFile; fileRef = FA81435A2DF62A9C008C2B8A /* ProfileHeaderView.swift */; };
		FA81437A2DF62A9C008C2B8A /* UITableView.swift in Sources */ = {isa = PBXBuildFile; fileRef = FA81435C2DF62A9C008C2B8A /* UITableView.swift */; };
		FA81437B2DF62A9C008C2B8A /* User.swift in Sources */ = {isa = PBXBuildFile; fileRef = FA81435D2DF62A9C008C2B8A /* User.swift */; };
		FA81437C2DF62A9C008C2B8A /* AppDelegate.swift in Sources */ = {isa = PBXBuildFile; fileRef = FA8143602DF62A9C008C2B8A /* AppDelegate.swift */; };
		FA81437D2DF62A9C008C2B8A /* Extensions.swift in Sources */ = {isa = PBXBuildFile; fileRef = FA8143622DF62A9C008C2B8A /* Extensions.swift */; };
		FA81437F2DF62A9C008C2B8A /* InfoViewController.swift in Sources */ = {isa = PBXBuildFile; fileRef = FA8143652DF62A9C008C2B8A /* InfoViewController.swift */; };
		FA8143802DF62A9C008C2B8A /* PostViewController.swift in Sources */ = {isa = PBXBuildFile; fileRef = FA8143682DF62A9C008C2B8A /* PostViewController.swift */; };
		FA8143812DF62A9C008C2B8A /* SceneDelegate.swift in Sources */ = {isa = PBXBuildFile; fileRef = FA8143692DF62A9C008C2B8A /* SceneDelegate.swift */; };
		FA8143842DF62B0E008C2B8A /* CustomButton.swift in Sources */ = {isa = PBXBuildFile; fileRef = FA8143832DF62B0E008C2B8A /* CustomButton.swift */; };
		FA8143872DF63098008C2B8A /* iOSIntPackage in Frameworks */ = {isa = PBXBuildFile; productRef = FA8143862DF63098008C2B8A /* iOSIntPackage */; };
		FA8143892DF6B516008C2B8A /* FeedModel.swift in Sources */ = {isa = PBXBuildFile; fileRef = FA8143882DF6B516008C2B8A /* FeedModel.swift */; };
		FA913AF12E2179E900C80751 /* Post.swift in Sources */ = {isa = PBXBuildFile; fileRef = FA913AEE2E2179E900C80751 /* Post.swift */; };
		FA913AF52E217CD700C80751 /* PostVM.swift in Sources */ = {isa = PBXBuildFile; fileRef = FA913AF42E217CD700C80751 /* PostVM.swift */; };
		FA913AF72E21800C00C80751 /* FeedViewController.swift in Sources */ = {isa = PBXBuildFile; fileRef = FA913AF62E21800C00C80751 /* FeedViewController.swift */; };
		FAD9C4B52DCD413F0026C5D9 /* StorageService.framework in Frameworks */ = {isa = PBXBuildFile; fileRef = FA6CB1012DCBF4A3006EF044 /* StorageService.framework */; };
		FAD9C4B62DCD413F0026C5D9 /* StorageService.framework in Embed Frameworks */ = {isa = PBXBuildFile; fileRef = FA6CB1012DCBF4A3006EF044 /* StorageService.framework */; settings = {ATTRIBUTES = (CodeSignOnCopy, RemoveHeadersOnCopy, ); }; };
/* End PBXBuildFile section */

/* Begin PBXContainerItemProxy section */
		FAD9C4B72DCD413F0026C5D9 /* PBXContainerItemProxy */ = {
			isa = PBXContainerItemProxy;
			containerPortal = FA87CE112D4E655E0065B7C9 /* Project object */;
			proxyType = 1;
			remoteGlobalIDString = FA6CB1002DCBF4A3006EF044;
			remoteInfo = StorageService;
		};
/* End PBXContainerItemProxy section */

/* Begin PBXCopyFilesBuildPhase section */
		FAD9C4B92DCD413F0026C5D9 /* Embed Frameworks */ = {
			isa = PBXCopyFilesBuildPhase;
			buildActionMask = 2147483647;
			dstPath = "";
			dstSubfolderSpec = 10;
			files = (
				FAD9C4B62DCD413F0026C5D9 /* StorageService.framework in Embed Frameworks */,
			);
			name = "Embed Frameworks";
			runOnlyForDeploymentPostprocessing = 0;
		};
/* End PBXCopyFilesBuildPhase section */

/* Begin PBXFileReference section */
		FA1EC3E52DFA1B7A00372F2F /* ProfileViewController.swift */ = {isa = PBXFileReference; lastKnownFileType = sourcecode.swift; path = ProfileViewController.swift; sourceTree = "<group>"; };
		FA31C5862DF95AF6003E71F7 /* BaseCoordinator.swift */ = {isa = PBXFileReference; lastKnownFileType = sourcecode.swift; path = BaseCoordinator.swift; sourceTree = "<group>"; };
		FA31C5882DF95B12003E71F7 /* MainCoordinator.swift */ = {isa = PBXFileReference; lastKnownFileType = sourcecode.swift; path = MainCoordinator.swift; sourceTree = "<group>"; };
		FA6CB1012DCBF4A3006EF044 /* StorageService.framework */ = {isa = PBXFileReference; explicitFileType = wrapper.framework; includeInIndex = 0; path = StorageService.framework; sourceTree = BUILT_PRODUCTS_DIR; };
		FA7B7C972E1A6944003E6BA0 /* FeedCoordinator.swift */ = {isa = PBXFileReference; lastKnownFileType = sourcecode.swift; path = FeedCoordinator.swift; sourceTree = "<group>"; };
		FA7B7C992E1A69A0003E6BA0 /* FeedViewModel.swift */ = {isa = PBXFileReference; lastKnownFileType = sourcecode.swift; path = FeedViewModel.swift; sourceTree = "<group>"; };
		FA7B7C9D2E1C370C003E6BA0 /* LoginBaseCoordinator.swift */ = {isa = PBXFileReference; lastKnownFileType = sourcecode.swift; path = LoginBaseCoordinator.swift; sourceTree = "<group>"; };
		FA7B7CA72E1C3AA7003E6BA0 /* LoginVM.swift */ = {isa = PBXFileReference; lastKnownFileType = sourcecode.swift; path = LoginVM.swift; sourceTree = "<group>"; };
		FA7B7CA92E21541D003E6BA0 /* OrderCoordinator.swift */ = {isa = PBXFileReference; lastKnownFileType = sourcecode.swift; path = OrderCoordinator.swift; sourceTree = "<group>"; };
		FA7B7CAB2E215507003E6BA0 /* OrderVM.swift */ = {isa = PBXFileReference; lastKnownFileType = sourcecode.swift; path = OrderVM.swift; sourceTree = "<group>"; };
		FA8143512DF62A9C008C2B8A /* AppFactory.swift */ = {isa = PBXFileReference; lastKnownFileType = sourcecode.swift; path = AppFactory.swift; sourceTree = "<group>"; };
		FA8143522DF62A9C008C2B8A /* Checker.swift */ = {isa = PBXFileReference; lastKnownFileType = sourcecode.swift; path = Checker.swift; sourceTree = "<group>"; };
		FA8143532DF62A9C008C2B8A /* Fhotos.swift */ = {isa = PBXFileReference; lastKnownFileType = sourcecode.swift; path = Fhotos.swift; sourceTree = "<group>"; };
		FA8143542DF62A9C008C2B8A /* LogInViewController.swift */ = {isa = PBXFileReference; lastKnownFileType = sourcecode.swift; path = LogInViewController.swift; sourceTree = "<group>"; };
		FA8143552DF62A9C008C2B8A /* LoginViewControllerDelegate.swift */ = {isa = PBXFileReference; lastKnownFileType = sourcecode.swift; path = LoginViewControllerDelegate.swift; sourceTree = "<group>"; };
		FA8143562DF62A9C008C2B8A /* PhotosCollectionViewCell.swift */ = {isa = PBXFileReference; lastKnownFileType = sourcecode.swift; path = PhotosCollectionViewCell.swift; sourceTree = "<group>"; };
		FA8143572DF62A9C008C2B8A /* PhotosTableViewCell.swift */ = {isa = PBXFileReference; lastKnownFileType = sourcecode.swift; path = PhotosTableViewCell.swift; sourceTree = "<group>"; };
		FA8143582DF62A9C008C2B8A /* PhotosViewController.swift */ = {isa = PBXFileReference; lastKnownFileType = sourcecode.swift; path = PhotosViewController.swift; sourceTree = "<group>"; };
		FA8143592DF62A9C008C2B8A /* PostTableViewCell.swift */ = {isa = PBXFileReference; lastKnownFileType = sourcecode.swift; path = PostTableViewCell.swift; sourceTree = "<group>"; };
		FA81435A2DF62A9C008C2B8A /* ProfileHeaderView.swift */ = {isa = PBXFileReference; lastKnownFileType = sourcecode.swift; path = ProfileHeaderView.swift; sourceTree = "<group>"; };
		FA81435C2DF62A9C008C2B8A /* UITableView.swift */ = {isa = PBXFileReference; lastKnownFileType = sourcecode.swift; path = UITableView.swift; sourceTree = "<group>"; };
		FA81435D2DF62A9C008C2B8A /* User.swift */ = {isa = PBXFileReference; lastKnownFileType = sourcecode.swift; path = User.swift; sourceTree = "<group>"; };
		FA81435F2DF62A9C008C2B8A /* .gitignore */ = {isa = PBXFileReference; lastKnownFileType = text; path = .gitignore; sourceTree = "<group>"; };
		FA8143602DF62A9C008C2B8A /* AppDelegate.swift */ = {isa = PBXFileReference; lastKnownFileType = sourcecode.swift; path = AppDelegate.swift; sourceTree = "<group>"; };
		FA8143612DF62A9C008C2B8A /* Assets.xcassets */ = {isa = PBXFileReference; lastKnownFileType = folder.assetcatalog; path = Assets.xcassets; sourceTree = "<group>"; };
		FA8143622DF62A9C008C2B8A /* Extensions.swift */ = {isa = PBXFileReference; lastKnownFileType = sourcecode.swift; path = Extensions.swift; sourceTree = "<group>"; };
		FA8143642DF62A9C008C2B8A /* Info.plist */ = {isa = PBXFileReference; lastKnownFileType = text.plist.xml; path = Info.plist; sourceTree = "<group>"; };
		FA8143652DF62A9C008C2B8A /* InfoViewController.swift */ = {isa = PBXFileReference; lastKnownFileType = sourcecode.swift; path = InfoViewController.swift; sourceTree = "<group>"; };
		FA8143662DF62A9C008C2B8A /* Base */ = {isa = PBXFileReference; lastKnownFileType = file.storyboard; name = Base; path = Base.lproj/LaunchScreen.storyboard; sourceTree = "<group>"; };
		FA8143682DF62A9C008C2B8A /* PostViewController.swift */ = {isa = PBXFileReference; lastKnownFileType = sourcecode.swift; path = PostViewController.swift; sourceTree = "<group>"; };
		FA8143692DF62A9C008C2B8A /* SceneDelegate.swift */ = {isa = PBXFileReference; lastKnownFileType = sourcecode.swift; path = SceneDelegate.swift; sourceTree = "<group>"; };
		FA8143832DF62B0E008C2B8A /* CustomButton.swift */ = {isa = PBXFileReference; lastKnownFileType = sourcecode.swift; path = CustomButton.swift; sourceTree = "<group>"; };
		FA8143882DF6B516008C2B8A /* FeedModel.swift */ = {isa = PBXFileReference; lastKnownFileType = sourcecode.swift; path = FeedModel.swift; sourceTree = "<group>"; };
		FA87CE192D4E655E0065B7C9 /* NavigationT.app */ = {isa = PBXFileReference; explicitFileType = wrapper.application; includeInIndex = 0; path = NavigationT.app; sourceTree = BUILT_PRODUCTS_DIR; };
		FA913AEE2E2179E900C80751 /* Post.swift */ = {isa = PBXFileReference; lastKnownFileType = sourcecode.swift; path = Post.swift; sourceTree = "<group>"; };
		FA913AF42E217CD700C80751 /* PostVM.swift */ = {isa = PBXFileReference; lastKnownFileType = sourcecode.swift; path = PostVM.swift; sourceTree = "<group>"; };
		FA913AF62E21800C00C80751 /* FeedViewController.swift */ = {isa = PBXFileReference; lastKnownFileType = sourcecode.swift; path = FeedViewController.swift; sourceTree = "<group>"; };
/* End PBXFileReference section */

/* Begin PBXFileSystemSynchronizedBuildFileExceptionSet section */
		FA6CB1092DCBF4A3006EF044 /* Exceptions for "StorageService" folder in "StorageService" target */ = {
			isa = PBXFileSystemSynchronizedBuildFileExceptionSet;
			publicHeaders = (
				StorageService.h,
			);
			target = FA6CB1002DCBF4A3006EF044 /* StorageService */;
		};
/* End PBXFileSystemSynchronizedBuildFileExceptionSet section */

/* Begin PBXFileSystemSynchronizedRootGroup section */
		FA6CB1022DCBF4A3006EF044 /* StorageService */ = {
			isa = PBXFileSystemSynchronizedRootGroup;
			exceptions = (
				FA6CB1092DCBF4A3006EF044 /* Exceptions for "StorageService" folder in "StorageService" target */,
			);
			path = StorageService;
			sourceTree = "<group>";
		};
/* End PBXFileSystemSynchronizedRootGroup section */

/* Begin PBXFrameworksBuildPhase section */
		FA6CB0FE2DCBF4A3006EF044 /* Frameworks */ = {
			isa = PBXFrameworksBuildPhase;
			buildActionMask = 2147483647;
			files = (
			);
			runOnlyForDeploymentPostprocessing = 0;
		};
		FA87CE162D4E655E0065B7C9 /* Frameworks */ = {
			isa = PBXFrameworksBuildPhase;
			buildActionMask = 2147483647;
			files = (
				FAD9C4B52DCD413F0026C5D9 /* StorageService.framework in Frameworks */,
				FA8143872DF63098008C2B8A /* iOSIntPackage in Frameworks */,
			);
			runOnlyForDeploymentPostprocessing = 0;
		};
/* End PBXFrameworksBuildPhase section */

/* Begin PBXGroup section */
		FA1EC3E32DF9AEC300372F2F /* Flows */ = {
			isa = PBXGroup;
			children = (
				FA1EC3E42DF9AF9F00372F2F /* Login */,
				FA7B7CA22E1C37FF003E6BA0 /* Order */,
			);
			path = Flows;
			sourceTree = "<group>";
		};
		FA1EC3E42DF9AF9F00372F2F /* Login */ = {
			isa = PBXGroup;
			children = (
				FA7B7C9D2E1C370C003E6BA0 /* LoginBaseCoordinator.swift */,
				FA7B7C9F2E1C374E003E6BA0 /* LoginModule */,
				FA7B7CA12E1C37BC003E6BA0 /* ProfilelModule */,
			);
			path = Login;
			sourceTree = "<group>";
		};
		FA31C5852DF95A73003E71F7 /* AppDelegate */ = {
			isa = PBXGroup;
			children = (
				FA8143602DF62A9C008C2B8A /* AppDelegate.swift */,
				FA8143692DF62A9C008C2B8A /* SceneDelegate.swift */,
				FA31C5862DF95AF6003E71F7 /* BaseCoordinator.swift */,
				FA31C5882DF95B12003E71F7 /* MainCoordinator.swift */,
			);
			path = AppDelegate;
			sourceTree = "<group>";
		};
		FA7B7C9F2E1C374E003E6BA0 /* LoginModule */ = {
			isa = PBXGroup;
			children = (
				FA8143542DF62A9C008C2B8A /* LogInViewController.swift */,
				FA8143552DF62A9C008C2B8A /* LoginViewControllerDelegate.swift */,
				FA7B7CA72E1C3AA7003E6BA0 /* LoginVM.swift */,
			);
			path = LoginModule;
			sourceTree = "<group>";
		};
		FA7B7CA12E1C37BC003E6BA0 /* ProfilelModule */ = {
			isa = PBXGroup;
			children = (
				FA1EC3E52DFA1B7A00372F2F /* ProfileViewController.swift */,
				FA81435A2DF62A9C008C2B8A /* ProfileHeaderView.swift */,
			);
			path = ProfilelModule;
			sourceTree = "<group>";
		};
		FA7B7CA22E1C37FF003E6BA0 /* Order */ = {
			isa = PBXGroup;
			children = (
				FA7B7CA92E21541D003E6BA0 /* OrderCoordinator.swift */,
				FA7B7CA42E1C386E003E6BA0 /* OrderModule */,
				FA7B7CA52E1C3894003E6BA0 /* OrderDatailModule */,
				FA7B7CA62E1C38B8003E6BA0 /* Info */,
			);
			path = Order;
			sourceTree = "<group>";
		};
		FA7B7CA42E1C386E003E6BA0 /* OrderModule */ = {
			isa = PBXGroup;
			children = (
				FA913AF62E21800C00C80751 /* FeedViewController.swift */,
				FA7B7CAB2E215507003E6BA0 /* OrderVM.swift */,
			);
			path = OrderModule;
			sourceTree = "<group>";
		};
		FA7B7CA52E1C3894003E6BA0 /* OrderDatailModule */ = {
			isa = PBXGroup;
			children = (
				FA8143682DF62A9C008C2B8A /* PostViewController.swift */,
				FA913AF42E217CD700C80751 /* PostVM.swift */,
				FA913AEE2E2179E900C80751 /* Post.swift */,
			);
			path = OrderDatailModule;
			sourceTree = "<group>";
		};
		FA7B7CA62E1C38B8003E6BA0 /* Info */ = {
			isa = PBXGroup;
			children = (
				FA8143652DF62A9C008C2B8A /* InfoViewController.swift */,
			);
			path = Info;
			sourceTree = "<group>";
		};
		FA81435E2DF62A9C008C2B8A /* Profile */ = {
			isa = PBXGroup;
			children = (
				FA8143512DF62A9C008C2B8A /* AppFactory.swift */,
				FA8143522DF62A9C008C2B8A /* Checker.swift */,
				FA8143532DF62A9C008C2B8A /* Fhotos.swift */,
				FA8143562DF62A9C008C2B8A /* PhotosCollectionViewCell.swift */,
				FA8143572DF62A9C008C2B8A /* PhotosTableViewCell.swift */,
				FA8143582DF62A9C008C2B8A /* PhotosViewController.swift */,
				FA8143592DF62A9C008C2B8A /* PostTableViewCell.swift */,
				FA81435C2DF62A9C008C2B8A /* UITableView.swift */,
				FA81435D2DF62A9C008C2B8A /* User.swift */,
				FA8143832DF62B0E008C2B8A /* CustomButton.swift */,
			);
			path = Profile;
			sourceTree = "<group>";
		};
		FA81436A2DF62A9C008C2B8A /* NavigationT */ = {
			isa = PBXGroup;
			children = (
				FA31C5852DF95A73003E71F7 /* AppDelegate */,
				FA1EC3E32DF9AEC300372F2F /* Flows */,
				FA8143822DF62AAC008C2B8A /* FeedModel */,
				FA81435E2DF62A9C008C2B8A /* Profile */,
				FA81435F2DF62A9C008C2B8A /* .gitignore */,
				FA8143612DF62A9C008C2B8A /* Assets.xcassets */,
				FA8143622DF62A9C008C2B8A /* Extensions.swift */,
				FA8143642DF62A9C008C2B8A /* Info.plist */,
				FA8143672DF62A9C008C2B8A /* LaunchScreen.storyboard */,
			);
			path = NavigationT;
			sourceTree = "<group>";
		};
		FA8143822DF62AAC008C2B8A /* FeedModel */ = {
			isa = PBXGroup;
			children = (
				FA8143882DF6B516008C2B8A /* FeedModel.swift */,
				FA7B7C972E1A6944003E6BA0 /* FeedCoordinator.swift */,
				FA7B7C992E1A69A0003E6BA0 /* FeedViewModel.swift */,
			);
			path = FeedModel;
			sourceTree = "<group>";
		};
		FA87CE102D4E655E0065B7C9 = {
			isa = PBXGroup;
			children = (
				FA81436A2DF62A9C008C2B8A /* NavigationT */,
				FA6CB1022DCBF4A3006EF044 /* StorageService */,
				FAD9C4B42DCD413F0026C5D9 /* Frameworks */,
				FA87CE1A2D4E655E0065B7C9 /* Products */,
			);
			sourceTree = "<group>";
		};
		FA87CE1A2D4E655E0065B7C9 /* Products */ = {
			isa = PBXGroup;
			children = (
				FA87CE192D4E655E0065B7C9 /* NavigationT.app */,
				FA6CB1012DCBF4A3006EF044 /* StorageService.framework */,
			);
			name = Products;
			sourceTree = "<group>";
		};
		FAD9C4B42DCD413F0026C5D9 /* Frameworks */ = {
			isa = PBXGroup;
			children = (
			);
			name = Frameworks;
			sourceTree = "<group>";
		};
/* End PBXGroup section */

/* Begin PBXHeadersBuildPhase section */
		FA6CB0FC2DCBF4A3006EF044 /* Headers */ = {
			isa = PBXHeadersBuildPhase;
			buildActionMask = 2147483647;
			files = (
			);
			runOnlyForDeploymentPostprocessing = 0;
		};
/* End PBXHeadersBuildPhase section */

/* Begin PBXNativeTarget section */
		FA6CB1002DCBF4A3006EF044 /* StorageService */ = {
			isa = PBXNativeTarget;
			buildConfigurationList = FA6CB10A2DCBF4A3006EF044 /* Build configuration list for PBXNativeTarget "StorageService" */;
			buildPhases = (
				FA6CB0FC2DCBF4A3006EF044 /* Headers */,
				FA6CB0FD2DCBF4A3006EF044 /* Sources */,
				FA6CB0FE2DCBF4A3006EF044 /* Frameworks */,
				FA6CB0FF2DCBF4A3006EF044 /* Resources */,
			);
			buildRules = (
			);
			dependencies = (
			);
			fileSystemSynchronizedGroups = (
				FA6CB1022DCBF4A3006EF044 /* StorageService */,
			);
			name = StorageService;
			packageProductDependencies = (
			);
			productName = StorageService;
			productReference = FA6CB1012DCBF4A3006EF044 /* StorageService.framework */;
			productType = "com.apple.product-type.framework";
		};
		FA87CE182D4E655E0065B7C9 /* NavigationT */ = {
			isa = PBXNativeTarget;
			buildConfigurationList = FA87CE2C2D4E655F0065B7C9 /* Build configuration list for PBXNativeTarget "NavigationT" */;
			buildPhases = (
				FA87CE152D4E655E0065B7C9 /* Sources */,
				FA87CE162D4E655E0065B7C9 /* Frameworks */,
				FA87CE172D4E655E0065B7C9 /* Resources */,
				FAD9C4B92DCD413F0026C5D9 /* Embed Frameworks */,
			);
			buildRules = (
			);
			dependencies = (
				FAD9C4B82DCD413F0026C5D9 /* PBXTargetDependency */,
			);
			name = NavigationT;
			packageProductDependencies = (
				FA8143862DF63098008C2B8A /* iOSIntPackage */,
			);
			productName = NavigationT;
			productReference = FA87CE192D4E655E0065B7C9 /* NavigationT.app */;
			productType = "com.apple.product-type.application";
		};
/* End PBXNativeTarget section */

/* Begin PBXProject section */
		FA87CE112D4E655E0065B7C9 /* Project object */ = {
			isa = PBXProject;
			attributes = {
				BuildIndependentTargetsInParallel = 1;
				LastSwiftUpdateCheck = 1610;
				LastUpgradeCheck = 1610;
				TargetAttributes = {
					FA6CB1002DCBF4A3006EF044 = {
						CreatedOnToolsVersion = 16.1;
					};
					FA87CE182D4E655E0065B7C9 = {
						CreatedOnToolsVersion = 16.1;
					};
				};
			};
			buildConfigurationList = FA87CE142D4E655E0065B7C9 /* Build configuration list for PBXProject "NavigationT" */;
			developmentRegion = en;
			hasScannedForEncodings = 0;
			knownRegions = (
				en,
				Base,
			);
			mainGroup = FA87CE102D4E655E0065B7C9;
			minimizedProjectReferenceProxies = 1;
			packageReferences = (
				FA8143852DF6308A008C2B8A /* XCRemoteSwiftPackageReference "iOSIntPackage" */,
			);
			preferredProjectObjectVersion = 77;
			productRefGroup = FA87CE1A2D4E655E0065B7C9 /* Products */;
			projectDirPath = "";
			projectRoot = "";
			targets = (
				FA87CE182D4E655E0065B7C9 /* NavigationT */,
				FA6CB1002DCBF4A3006EF044 /* StorageService */,
			);
		};
/* End PBXProject section */

/* Begin PBXResourcesBuildPhase section */
		FA6CB0FF2DCBF4A3006EF044 /* Resources */ = {
			isa = PBXResourcesBuildPhase;
			buildActionMask = 2147483647;
			files = (
			);
			runOnlyForDeploymentPostprocessing = 0;
		};
		FA87CE172D4E655E0065B7C9 /* Resources */ = {
			isa = PBXResourcesBuildPhase;
			buildActionMask = 2147483647;
			files = (
				FA81436B2DF62A9C008C2B8A /* .gitignore in Resources */,
				FA81436C2DF62A9C008C2B8A /* Assets.xcassets in Resources */,
				FA81436E2DF62A9C008C2B8A /* LaunchScreen.storyboard in Resources */,
			);
			runOnlyForDeploymentPostprocessing = 0;
		};
/* End PBXResourcesBuildPhase section */

/* Begin PBXSourcesBuildPhase section */
		FA6CB0FD2DCBF4A3006EF044 /* Sources */ = {
			isa = PBXSourcesBuildPhase;
			buildActionMask = 2147483647;
			files = (
				FA913AF12E2179E900C80751 /* Post.swift in Sources */,
			);
			runOnlyForDeploymentPostprocessing = 0;
		};
		FA87CE152D4E655E0065B7C9 /* Sources */ = {
			isa = PBXSourcesBuildPhase;
			buildActionMask = 2147483647;
			files = (
				FA7B7C9E2E1C370C003E6BA0 /* LoginBaseCoordinator.swift in Sources */,
				FA81436F2DF62A9C008C2B8A /* AppFactory.swift in Sources */,
				FA31C5892DF95B12003E71F7 /* MainCoordinator.swift in Sources */,
				FA8143702DF62A9C008C2B8A /* Checker.swift in Sources */,
				FA8143712DF62A9C008C2B8A /* Fhotos.swift in Sources */,
				FA8143722DF62A9C008C2B8A /* LogInViewController.swift in Sources */,
				FA8143892DF6B516008C2B8A /* FeedModel.swift in Sources */,
				FA1EC3E62DFA1B7A00372F2F /* ProfileViewController.swift in Sources */,
				FA8143842DF62B0E008C2B8A /* CustomButton.swift in Sources */,
				FA8143732DF62A9C008C2B8A /* LoginViewControllerDelegate.swift in Sources */,
				FA8143742DF62A9C008C2B8A /* PhotosCollectionViewCell.swift in Sources */,
				FA8143752DF62A9C008C2B8A /* PhotosTableViewCell.swift in Sources */,
				FA7B7C982E1A6944003E6BA0 /* FeedCoordinator.swift in Sources */,
				FA8143762DF62A9C008C2B8A /* PhotosViewController.swift in Sources */,
				FA7B7CA82E1C3AA7003E6BA0 /* LoginVM.swift in Sources */,
				FA913AF52E217CD700C80751 /* PostVM.swift in Sources */,
				FA7B7CAA2E21541D003E6BA0 /* OrderCoordinator.swift in Sources */,
				FA8143772DF62A9C008C2B8A /* PostTableViewCell.swift in Sources */,
				FA7B7C9A2E1A69A0003E6BA0 /* FeedViewModel.swift in Sources */,
				FA8143782DF62A9C008C2B8A /* ProfileHeaderView.swift in Sources */,
				FA7B7CAC2E215508003E6BA0 /* OrderVM.swift in Sources */,
				FA81437A2DF62A9C008C2B8A /* UITableView.swift in Sources */,
				FA913AF72E21800C00C80751 /* FeedViewController.swift in Sources */,
				FA81437B2DF62A9C008C2B8A /* User.swift in Sources */,
				FA31C5872DF95AF6003E71F7 /* BaseCoordinator.swift in Sources */,
				FA81437C2DF62A9C008C2B8A /* AppDelegate.swift in Sources */,
				FA81437D2DF62A9C008C2B8A /* Extensions.swift in Sources */,
				FA81437F2DF62A9C008C2B8A /* InfoViewController.swift in Sources */,
				FA8143802DF62A9C008C2B8A /* PostViewController.swift in Sources */,
				FA8143812DF62A9C008C2B8A /* SceneDelegate.swift in Sources */,
			);
			runOnlyForDeploymentPostprocessing = 0;
		};
/* End PBXSourcesBuildPhase section */

/* Begin PBXTargetDependency section */
		FAD9C4B82DCD413F0026C5D9 /* PBXTargetDependency */ = {
			isa = PBXTargetDependency;
			target = FA6CB1002DCBF4A3006EF044 /* StorageService */;
			targetProxy = FAD9C4B72DCD413F0026C5D9 /* PBXContainerItemProxy */;
		};
/* End PBXTargetDependency section */

/* Begin PBXVariantGroup section */
		FA8143672DF62A9C008C2B8A /* LaunchScreen.storyboard */ = {
			isa = PBXVariantGroup;
			children = (
				FA8143662DF62A9C008C2B8A /* Base */,
			);
			name = LaunchScreen.storyboard;
			sourceTree = "<group>";
		};
/* End PBXVariantGroup section */

/* Begin XCBuildConfiguration section */
		FA6CB1072DCBF4A3006EF044 /* Debug */ = {
			isa = XCBuildConfiguration;
			buildSettings = {
				BUILD_LIBRARY_FOR_DISTRIBUTION = YES;
				CODE_SIGN_STYLE = Automatic;
				CURRENT_PROJECT_VERSION = 1;
				DEFINES_MODULE = YES;
				DYLIB_COMPATIBILITY_VERSION = 1;
				DYLIB_CURRENT_VERSION = 1;
				DYLIB_INSTALL_NAME_BASE = "@rpath";
				ENABLE_MODULE_VERIFIER = YES;
				GENERATE_INFOPLIST_FILE = YES;
				INFOPLIST_KEY_NSHumanReadableCopyright = "";
				INSTALL_PATH = "$(LOCAL_LIBRARY_DIR)/Frameworks";
				LD_RUNPATH_SEARCH_PATHS = (
					"$(inherited)",
					"@executable_path/Frameworks",
					"@loader_path/Frameworks",
				);
				MARKETING_VERSION = 1.0;
				MODULE_VERIFIER_SUPPORTED_LANGUAGES = "objective-c objective-c++";
				MODULE_VERIFIER_SUPPORTED_LANGUAGE_STANDARDS = "gnu17 gnu++20";
				PRODUCT_BUNDLE_IDENTIFIER = com.apple.first.StorageService;
				PRODUCT_NAME = "$(TARGET_NAME:c99extidentifier)";
				SKIP_INSTALL = YES;
				SWIFT_EMIT_LOC_STRINGS = YES;
				SWIFT_INSTALL_OBJC_HEADER = NO;
				SWIFT_VERSION = 5.0;
				TARGETED_DEVICE_FAMILY = "1,2";
				VERSIONING_SYSTEM = "apple-generic";
				VERSION_INFO_PREFIX = "";
			};
			name = Debug;
		};
		FA6CB1082DCBF4A3006EF044 /* Release */ = {
			isa = XCBuildConfiguration;
			buildSettings = {
				BUILD_LIBRARY_FOR_DISTRIBUTION = YES;
				CODE_SIGN_STYLE = Automatic;
				CURRENT_PROJECT_VERSION = 1;
				DEFINES_MODULE = YES;
				DYLIB_COMPATIBILITY_VERSION = 1;
				DYLIB_CURRENT_VERSION = 1;
				DYLIB_INSTALL_NAME_BASE = "@rpath";
				ENABLE_MODULE_VERIFIER = YES;
				GENERATE_INFOPLIST_FILE = YES;
				INFOPLIST_KEY_NSHumanReadableCopyright = "";
				INSTALL_PATH = "$(LOCAL_LIBRARY_DIR)/Frameworks";
				LD_RUNPATH_SEARCH_PATHS = (
					"$(inherited)",
					"@executable_path/Frameworks",
					"@loader_path/Frameworks",
				);
				MARKETING_VERSION = 1.0;
				MODULE_VERIFIER_SUPPORTED_LANGUAGES = "objective-c objective-c++";
				MODULE_VERIFIER_SUPPORTED_LANGUAGE_STANDARDS = "gnu17 gnu++20";
				PRODUCT_BUNDLE_IDENTIFIER = com.apple.first.StorageService;
				PRODUCT_NAME = "$(TARGET_NAME:c99extidentifier)";
				SKIP_INSTALL = YES;
				SWIFT_EMIT_LOC_STRINGS = YES;
				SWIFT_INSTALL_OBJC_HEADER = NO;
				SWIFT_VERSION = 5.0;
				TARGETED_DEVICE_FAMILY = "1,2";
				VERSIONING_SYSTEM = "apple-generic";
				VERSION_INFO_PREFIX = "";
			};
			name = Release;
		};
		FA87CE2D2D4E655F0065B7C9 /* Debug */ = {
			isa = XCBuildConfiguration;
			buildSettings = {
				ASSETCATALOG_COMPILER_APPICON_NAME = AppIcon;
				ASSETCATALOG_COMPILER_GLOBAL_ACCENT_COLOR_NAME = AccentColor;
				CODE_SIGN_STYLE = Automatic;
				CURRENT_PROJECT_VERSION = 1;
				GENERATE_INFOPLIST_FILE = YES;
				INFOPLIST_FILE = NavigationT/Info.plist;
				INFOPLIST_KEY_UIApplicationSupportsIndirectInputEvents = YES;
				INFOPLIST_KEY_UILaunchStoryboardName = LaunchScreen;
				INFOPLIST_KEY_UISupportedInterfaceOrientations_iPad = "UIInterfaceOrientationPortrait UIInterfaceOrientationPortraitUpsideDown UIInterfaceOrientationLandscapeLeft UIInterfaceOrientationLandscapeRight";
				INFOPLIST_KEY_UISupportedInterfaceOrientations_iPhone = "UIInterfaceOrientationPortrait UIInterfaceOrientationLandscapeLeft UIInterfaceOrientationLandscapeRight";
				LD_RUNPATH_SEARCH_PATHS = (
					"$(inherited)",
					"@executable_path/Frameworks",
				);
				MARKETING_VERSION = 1.0;
				PRODUCT_BUNDLE_IDENTIFIER = com.apple.first.NavigationT;
				PRODUCT_NAME = "$(TARGET_NAME)";
				SUPPORTED_PLATFORMS = "iphoneos iphonesimulator";
				SUPPORTS_MACCATALYST = NO;
				SUPPORTS_XR_DESIGNED_FOR_IPHONE_IPAD = NO;
				SWIFT_EMIT_LOC_STRINGS = YES;
				SWIFT_VERSION = 5.0;
				TARGETED_DEVICE_FAMILY = 1;
			};
			name = Debug;
		};
		FA87CE2E2D4E655F0065B7C9 /* Release */ = {
			isa = XCBuildConfiguration;
			buildSettings = {
				ASSETCATALOG_COMPILER_APPICON_NAME = AppIcon;
				ASSETCATALOG_COMPILER_GLOBAL_ACCENT_COLOR_NAME = AccentColor;
				CODE_SIGN_STYLE = Automatic;
				CURRENT_PROJECT_VERSION = 1;
				GENERATE_INFOPLIST_FILE = YES;
				INFOPLIST_FILE = NavigationT/Info.plist;
				INFOPLIST_KEY_UIApplicationSupportsIndirectInputEvents = YES;
				INFOPLIST_KEY_UILaunchStoryboardName = LaunchScreen;
				INFOPLIST_KEY_UISupportedInterfaceOrientations_iPad = "UIInterfaceOrientationPortrait UIInterfaceOrientationPortraitUpsideDown UIInterfaceOrientationLandscapeLeft UIInterfaceOrientationLandscapeRight";
				INFOPLIST_KEY_UISupportedInterfaceOrientations_iPhone = "UIInterfaceOrientationPortrait UIInterfaceOrientationLandscapeLeft UIInterfaceOrientationLandscapeRight";
				LD_RUNPATH_SEARCH_PATHS = (
					"$(inherited)",
					"@executable_path/Frameworks",
				);
				MARKETING_VERSION = 1.0;
				PRODUCT_BUNDLE_IDENTIFIER = com.apple.first.NavigationT;
				PRODUCT_NAME = "$(TARGET_NAME)";
				SUPPORTED_PLATFORMS = "iphoneos iphonesimulator";
				SUPPORTS_MACCATALYST = NO;
				SUPPORTS_XR_DESIGNED_FOR_IPHONE_IPAD = NO;
				SWIFT_EMIT_LOC_STRINGS = YES;
				SWIFT_VERSION = 5.0;
				TARGETED_DEVICE_FAMILY = 1;
			};
			name = Release;
		};
		FA87CE2F2D4E655F0065B7C9 /* Debug */ = {
			isa = XCBuildConfiguration;
			buildSettings = {
				ALWAYS_SEARCH_USER_PATHS = NO;
				ASSETCATALOG_COMPILER_GENERATE_SWIFT_ASSET_SYMBOL_EXTENSIONS = YES;
				CLANG_ANALYZER_NONNULL = YES;
				CLANG_ANALYZER_NUMBER_OBJECT_CONVERSION = YES_AGGRESSIVE;
				CLANG_CXX_LANGUAGE_STANDARD = "gnu++20";
				CLANG_ENABLE_MODULES = YES;
				CLANG_ENABLE_OBJC_ARC = YES;
				CLANG_ENABLE_OBJC_WEAK = YES;
				CLANG_WARN_BLOCK_CAPTURE_AUTORELEASING = YES;
				CLANG_WARN_BOOL_CONVERSION = YES;
				CLANG_WARN_COMMA = YES;
				CLANG_WARN_CONSTANT_CONVERSION = YES;
				CLANG_WARN_DEPRECATED_OBJC_IMPLEMENTATIONS = YES;
				CLANG_WARN_DIRECT_OBJC_ISA_USAGE = YES_ERROR;
				CLANG_WARN_DOCUMENTATION_COMMENTS = YES;
				CLANG_WARN_EMPTY_BODY = YES;
				CLANG_WARN_ENUM_CONVERSION = YES;
				CLANG_WARN_INFINITE_RECURSION = YES;
				CLANG_WARN_INT_CONVERSION = YES;
				CLANG_WARN_NON_LITERAL_NULL_CONVERSION = YES;
				CLANG_WARN_OBJC_IMPLICIT_RETAIN_SELF = YES;
				CLANG_WARN_OBJC_LITERAL_CONVERSION = YES;
				CLANG_WARN_OBJC_ROOT_CLASS = YES_ERROR;
				CLANG_WARN_QUOTED_INCLUDE_IN_FRAMEWORK_HEADER = YES;
				CLANG_WARN_RANGE_LOOP_ANALYSIS = YES;
				CLANG_WARN_STRICT_PROTOTYPES = YES;
				CLANG_WARN_SUSPICIOUS_MOVE = YES;
				CLANG_WARN_UNGUARDED_AVAILABILITY = YES_AGGRESSIVE;
				CLANG_WARN_UNREACHABLE_CODE = YES;
				CLANG_WARN__DUPLICATE_METHOD_MATCH = YES;
				COPY_PHASE_STRIP = NO;
				DEBUG_INFORMATION_FORMAT = dwarf;
				ENABLE_STRICT_OBJC_MSGSEND = YES;
				ENABLE_TESTABILITY = YES;
				ENABLE_USER_SCRIPT_SANDBOXING = YES;
				GCC_C_LANGUAGE_STANDARD = gnu17;
				GCC_DYNAMIC_NO_PIC = NO;
				GCC_NO_COMMON_BLOCKS = YES;
				GCC_OPTIMIZATION_LEVEL = 0;
				GCC_PREPROCESSOR_DEFINITIONS = (
					"DEBUG=1",
					"$(inherited)",
				);
				GCC_WARN_64_TO_32_BIT_CONVERSION = YES;
				GCC_WARN_ABOUT_RETURN_TYPE = YES_ERROR;
				GCC_WARN_UNDECLARED_SELECTOR = YES;
				GCC_WARN_UNINITIALIZED_AUTOS = YES_AGGRESSIVE;
				GCC_WARN_UNUSED_FUNCTION = YES;
				GCC_WARN_UNUSED_VARIABLE = YES;
				IPHONEOS_DEPLOYMENT_TARGET = 18.1;
				LOCALIZATION_PREFERS_STRING_CATALOGS = YES;
				MTL_ENABLE_DEBUG_INFO = INCLUDE_SOURCE;
				MTL_FAST_MATH = YES;
				ONLY_ACTIVE_ARCH = YES;
				SDKROOT = iphoneos;
				SWIFT_ACTIVE_COMPILATION_CONDITIONS = "DEBUG $(inherited)";
				SWIFT_OPTIMIZATION_LEVEL = "-Onone";
			};
			name = Debug;
		};
		FA87CE302D4E655F0065B7C9 /* Release */ = {
			isa = XCBuildConfiguration;
			buildSettings = {
				ALWAYS_SEARCH_USER_PATHS = NO;
				ASSETCATALOG_COMPILER_GENERATE_SWIFT_ASSET_SYMBOL_EXTENSIONS = YES;
				CLANG_ANALYZER_NONNULL = YES;
				CLANG_ANALYZER_NUMBER_OBJECT_CONVERSION = YES_AGGRESSIVE;
				CLANG_CXX_LANGUAGE_STANDARD = "gnu++20";
				CLANG_ENABLE_MODULES = YES;
				CLANG_ENABLE_OBJC_ARC = YES;
				CLANG_ENABLE_OBJC_WEAK = YES;
				CLANG_WARN_BLOCK_CAPTURE_AUTORELEASING = YES;
				CLANG_WARN_BOOL_CONVERSION = YES;
				CLANG_WARN_COMMA = YES;
				CLANG_WARN_CONSTANT_CONVERSION = YES;
				CLANG_WARN_DEPRECATED_OBJC_IMPLEMENTATIONS = YES;
				CLANG_WARN_DIRECT_OBJC_ISA_USAGE = YES_ERROR;
				CLANG_WARN_DOCUMENTATION_COMMENTS = YES;
				CLANG_WARN_EMPTY_BODY = YES;
				CLANG_WARN_ENUM_CONVERSION = YES;
				CLANG_WARN_INFINITE_RECURSION = YES;
				CLANG_WARN_INT_CONVERSION = YES;
				CLANG_WARN_NON_LITERAL_NULL_CONVERSION = YES;
				CLANG_WARN_OBJC_IMPLICIT_RETAIN_SELF = YES;
				CLANG_WARN_OBJC_LITERAL_CONVERSION = YES;
				CLANG_WARN_OBJC_ROOT_CLASS = YES_ERROR;
				CLANG_WARN_QUOTED_INCLUDE_IN_FRAMEWORK_HEADER = YES;
				CLANG_WARN_RANGE_LOOP_ANALYSIS = YES;
				CLANG_WARN_STRICT_PROTOTYPES = YES;
				CLANG_WARN_SUSPICIOUS_MOVE = YES;
				CLANG_WARN_UNGUARDED_AVAILABILITY = YES_AGGRESSIVE;
				CLANG_WARN_UNREACHABLE_CODE = YES;
				CLANG_WARN__DUPLICATE_METHOD_MATCH = YES;
				COPY_PHASE_STRIP = NO;
				DEBUG_INFORMATION_FORMAT = "dwarf-with-dsym";
				ENABLE_NS_ASSERTIONS = NO;
				ENABLE_STRICT_OBJC_MSGSEND = YES;
				ENABLE_USER_SCRIPT_SANDBOXING = YES;
				GCC_C_LANGUAGE_STANDARD = gnu17;
				GCC_NO_COMMON_BLOCKS = YES;
				GCC_WARN_64_TO_32_BIT_CONVERSION = YES;
				GCC_WARN_ABOUT_RETURN_TYPE = YES_ERROR;
				GCC_WARN_UNDECLARED_SELECTOR = YES;
				GCC_WARN_UNINITIALIZED_AUTOS = YES_AGGRESSIVE;
				GCC_WARN_UNUSED_FUNCTION = YES;
				GCC_WARN_UNUSED_VARIABLE = YES;
				IPHONEOS_DEPLOYMENT_TARGET = 18.1;
				LOCALIZATION_PREFERS_STRING_CATALOGS = YES;
				MTL_ENABLE_DEBUG_INFO = NO;
				MTL_FAST_MATH = YES;
				SDKROOT = iphoneos;
				SWIFT_COMPILATION_MODE = wholemodule;
				VALIDATE_PRODUCT = YES;
			};
			name = Release;
		};
/* End XCBuildConfiguration section */

/* Begin XCConfigurationList section */
		FA6CB10A2DCBF4A3006EF044 /* Build configuration list for PBXNativeTarget "StorageService" */ = {
			isa = XCConfigurationList;
			buildConfigurations = (
				FA6CB1072DCBF4A3006EF044 /* Debug */,
				FA6CB1082DCBF4A3006EF044 /* Release */,
			);
			defaultConfigurationIsVisible = 0;
			defaultConfigurationName = Release;
		};
		FA87CE142D4E655E0065B7C9 /* Build configuration list for PBXProject "NavigationT" */ = {
			isa = XCConfigurationList;
			buildConfigurations = (
				FA87CE2F2D4E655F0065B7C9 /* Debug */,
				FA87CE302D4E655F0065B7C9 /* Release */,
			);
			defaultConfigurationIsVisible = 0;
			defaultConfigurationName = Release;
		};
		FA87CE2C2D4E655F0065B7C9 /* Build configuration list for PBXNativeTarget "NavigationT" */ = {
			isa = XCConfigurationList;
			buildConfigurations = (
				FA87CE2D2D4E655F0065B7C9 /* Debug */,
				FA87CE2E2D4E655F0065B7C9 /* Release */,
			);
			defaultConfigurationIsVisible = 0;
			defaultConfigurationName = Release;
		};
/* End XCConfigurationList section */

/* Begin XCRemoteSwiftPackageReference section */
		FA8143852DF6308A008C2B8A /* XCRemoteSwiftPackageReference "iOSIntPackage" */ = {
			isa = XCRemoteSwiftPackageReference;
			repositoryURL = "https://github.com/TrueMax/iOSIntPackage";
			requirement = {
				branch = imagepublisher;
				kind = branch;
			};
		};
/* End XCRemoteSwiftPackageReference section */

/* Begin XCSwiftPackageProductDependency section */
		FA8143862DF63098008C2B8A /* iOSIntPackage */ = {
			isa = XCSwiftPackageProductDependency;
			package = FA8143852DF6308A008C2B8A /* XCRemoteSwiftPackageReference "iOSIntPackage" */;
			productName = iOSIntPackage;
		};
/* End XCSwiftPackageProductDependency section */
	};
	rootObject = FA87CE112D4E655E0065B7C9 /* Project object */;
}
